
Microsoft Visual Studio Solution File, Format Version 12.00
# Visual Studio 14
VisualStudioVersion = 14.0.25420.1
MinimumVisualStudioVersion = 10.0.40219.1
Project("{FAE04EC0-301F-11D3-BF4B-00C04F79EFBC}") = "Xb.Db.STD1.6", "Xb.Db.STD1.3\Xb.Db.STD1.6.csproj", "{E934D179-93CC-4890-86F6-2827D2D5CD61}"
EndProject
Project("{FAE04EC0-301F-11D3-BF4B-00C04F79EFBC}") = "Xb.Db.FW4.5.1", "Xb.Db.FW4.5.1\Xb.Db.FW4.5.1.csproj", "{D7C20537-9C68-460D-87DA-64314F10F016}"
EndProject
Project("{2150E333-8FDC-42A3-9474-1A3956D46DE8}") = "Solution Items", "Solution Items", "{EF474CE8-104C-4C87-BA12-100B5B819B74}"
	ProjectSection(SolutionItems) = preProject
		global.json = global.json
	EndProjectSection
EndProject
Global
	GlobalSection(SolutionConfigurationPlatforms) = preSolution
		Ad-Hoc|Any CPU = Ad-Hoc|Any CPU
		Ad-Hoc|iPhone = Ad-Hoc|iPhone
		Ad-Hoc|iPhoneSimulator = Ad-Hoc|iPhoneSimulator
		AppStore|Any CPU = AppStore|Any CPU
		AppStore|iPhone = AppStore|iPhone
		AppStore|iPhoneSimulator = AppStore|iPhoneSimulator
		Debug|Any CPU = Debug|Any CPU
		Debug|iPhone = Debug|iPhone
		Debug|iPhoneSimulator = Debug|iPhoneSimulator
		Release|Any CPU = Release|Any CPU
		Release|iPhone = Release|iPhone
		Release|iPhoneSimulator = Release|iPhoneSimulator
	EndGlobalSection
	GlobalSection(ProjectConfigurationPlatforms) = postSolution
		{E934D179-93CC-4890-86F6-2827D2D5CD61}.Ad-Hoc|Any CPU.ActiveCfg = Release|Any CPU
		{E934D179-93CC-4890-86F6-2827D2D5CD61}.Ad-Hoc|Any CPU.Build.0 = Release|Any CPU
		{E934D179-93CC-4890-86F6-2827D2D5CD61}.Ad-Hoc|iPhone.ActiveCfg = Release|Any CPU
		{E934D179-93CC-4890-86F6-2827D2D5CD61}.Ad-Hoc|iPhone.Build.0 = Release|Any CPU
		{E934D179-93CC-4890-86F6-2827D2D5CD61}.Ad-Hoc|iPhoneSimulator.ActiveCfg = Release|Any CPU
		{E934D179-93CC-4890-86F6-2827D2D5CD61}.Ad-Hoc|iPhoneSimulator.Build.0 = Release|Any CPU
		{E934D179-93CC-4890-86F6-2827D2D5CD61}.AppStore|Any CPU.ActiveCfg = Release|Any CPU
		{E934D179-93CC-4890-86F6-2827D2D5CD61}.AppStore|Any CPU.Build.0 = Release|Any CPU
		{E934D179-93CC-4890-86F6-2827D2D5CD61}.AppStore|iPhone.ActiveCfg = Release|Any CPU
		{E934D179-93CC-4890-86F6-2827D2D5CD61}.AppStore|iPhone.Build.0 = Release|Any CPU
		{E934D179-93CC-4890-86F6-2827D2D5CD61}.AppStore|iPhoneSimulator.ActiveCfg = Release|Any CPU
		{E934D179-93CC-4890-86F6-2827D2D5CD61}.AppStore|iPhoneSimulator.Build.0 = Release|Any CPU
		{E934D179-93CC-4890-86F6-2827D2D5CD61}.Debug|Any CPU.ActiveCfg = Debug|Any CPU
		{E934D179-93CC-4890-86F6-2827D2D5CD61}.Debug|Any CPU.Build.0 = Debug|Any CPU
		{E934D179-93CC-4890-86F6-2827D2D5CD61}.Debug|iPhone.ActiveCfg = Debug|Any CPU
		{E934D179-93CC-4890-86F6-2827D2D5CD61}.Debug|iPhone.Build.0 = Debug|Any CPU
		{E934D179-93CC-4890-86F6-2827D2D5CD61}.Debug|iPhoneSimulator.ActiveCfg = Debug|Any CPU
		{E934D179-93CC-4890-86F6-2827D2D5CD61}.Debug|iPhoneSimulator.Build.0 = Debug|Any CPU
		{E934D179-93CC-4890-86F6-2827D2D5CD61}.Release|Any CPU.ActiveCfg = Release|Any CPU
		{E934D179-93CC-4890-86F6-2827D2D5CD61}.Release|Any CPU.Build.0 = Release|Any CPU
		{E934D179-93CC-4890-86F6-2827D2D5CD61}.Release|iPhone.ActiveCfg = Release|Any CPU
		{E934D179-93CC-4890-86F6-2827D2D5CD61}.Release|iPhone.Build.0 = Release|Any CPU
		{E934D179-93CC-4890-86F6-2827D2D5CD61}.Release|iPhoneSimulator.ActiveCfg = Release|Any CPU
		{E934D179-93CC-4890-86F6-2827D2D5CD61}.Release|iPhoneSimulator.Build.0 = Release|Any CPU
		{D7C20537-9C68-460D-87DA-64314F10F016}.Ad-Hoc|Any CPU.ActiveCfg = Release|Any CPU
		{D7C20537-9C68-460D-87DA-64314F10F016}.Ad-Hoc|Any CPU.Build.0 = Release|Any CPU
		{D7C20537-9C68-460D-87DA-64314F10F016}.Ad-Hoc|iPhone.ActiveCfg = Release|Any CPU
		{D7C20537-9C68-460D-87DA-64314F10F016}.Ad-Hoc|iPhone.Build.0 = Release|Any CPU
		{D7C20537-9C68-460D-87DA-64314F10F016}.Ad-Hoc|iPhoneSimulator.ActiveCfg = Release|Any CPU
		{D7C20537-9C68-460D-87DA-64314F10F016}.Ad-Hoc|iPhoneSimulator.Build.0 = Release|Any CPU
		{D7C20537-9C68-460D-87DA-64314F10F016}.AppStore|Any CPU.ActiveCfg = Release|Any CPU
		{D7C20537-9C68-460D-87DA-64314F10F016}.AppStore|Any CPU.Build.0 = Release|Any CPU
		{D7C20537-9C68-460D-87DA-64314F10F016}.AppStore|iPhone.ActiveCfg = Release|Any CPU
		{D7C20537-9C68-460D-87DA-64314F10F016}.AppStore|iPhone.Build.0 = Release|Any CPU
		{D7C20537-9C68-460D-87DA-64314F10F016}.AppStore|iPhoneSimulator.ActiveCfg = Release|Any CPU
		{D7C20537-9C68-460D-87DA-64314F10F016}.AppStore|iPhoneSimulator.Build.0 = Release|Any CPU
		{D7C20537-9C68-460D-87DA-64314F10F016}.Debug|Any CPU.ActiveCfg = Debug|Any CPU
		{D7C20537-9C68-460D-87DA-64314F10F016}.Debug|Any CPU.Build.0 = Debug|Any CPU
		{D7C20537-9C68-460D-87DA-64314F10F016}.Debug|iPhone.ActiveCfg = Debug|Any CPU
		{D7C20537-9C68-460D-87DA-64314F10F016}.Debug|iPhone.Build.0 = Debug|Any CPU
		{D7C20537-9C68-460D-87DA-64314F10F016}.Debug|iPhoneSimulator.ActiveCfg = Debug|Any CPU
		{D7C20537-9C68-460D-87DA-64314F10F016}.Debug|iPhoneSimulator.Build.0 = Debug|Any CPU
		{D7C20537-9C68-460D-87DA-64314F10F016}.Release|Any CPU.ActiveCfg = Release|Any CPU
		{D7C20537-9C68-460D-87DA-64314F10F016}.Release|Any CPU.Build.0 = Release|Any CPU
		{D7C20537-9C68-460D-87DA-64314F10F016}.Release|iPhone.ActiveCfg = Release|Any CPU
		{D7C20537-9C68-460D-87DA-64314F10F016}.Release|iPhone.Build.0 = Release|Any CPU
		{D7C20537-9C68-460D-87DA-64314F10F016}.Release|iPhoneSimulator.ActiveCfg = Release|Any CPU
		{D7C20537-9C68-460D-87DA-64314F10F016}.Release|iPhoneSimulator.Build.0 = Release|Any CPU
	EndGlobalSection
	GlobalSection(SolutionProperties) = preSolution
		HideSolutionNode = FALSE
	EndGlobalSection
EndGlobal
