
Microsoft Visual Studio Solution File, Format Version 12.00
# Visual Studio 14
VisualStudioVersion = 14.0.25420.1
MinimumVisualStudioVersion = 10.0.40219.1
Project("{FAE04EC0-301F-11D3-BF4B-00C04F79EFBC}") = "Xb.Db.STD1.3", "Xb.Db\Xb.Db.STD1.3\Xb.Db.STD1.3.csproj", "{E934D179-93CC-4890-86F6-2827D2D5CD61}"
EndProject
Project("{FAE04EC0-301F-11D3-BF4B-00C04F79EFBC}") = "TestXb.Db.MsSql", "Xb.Db.MsSql\TestXb.Db.MsSql\TestXb.Db.MsSql.csproj", "{3CC48E7F-D226-48F2-A365-AD7069FDAD38}"
EndProject
Project("{2150E333-8FDC-42A3-9474-1A3956D46DE8}") = "Xb.Db", "Xb.Db", "{5FCEF051-732E-4AD4-BBEC-1D1F2C8B71C5}"
EndProject
Project("{2150E333-8FDC-42A3-9474-1A3956D46DE8}") = "Xb.Db.MsSql", "Xb.Db.MsSql", "{543C3EFF-0F96-4AC8-91B1-14C2F0A8DF6B}"
EndProject
Project("{FAE04EC0-301F-11D3-BF4B-00C04F79EFBC}") = "Xb.Db.MsSql.STD1.3", "Xb.Db.MsSql\Xb.Db.MsSql.STD1.3\Xb.Db.MsSql.STD1.3.csproj", "{8C03B514-BAA0-4B37-A5C9-9D2BEE891ACA}"
EndProject
Project("{FAE04EC0-301F-11D3-BF4B-00C04F79EFBC}") = "Xb.Db.FW4.5.1", "Xb.Db\Xb.Db.FW4.5.1\Xb.Db.FW4.5.1.csproj", "{D7C20537-9C68-460D-87DA-64314F10F016}"
EndProject
Project("{FAE04EC0-301F-11D3-BF4B-00C04F79EFBC}") = "Xb.Db.MsSql.FW4.5.1", "Xb.Db.MsSql\Xb.Db.MsSql.FW4.5.1\Xb.Db.MsSql.FW4.5.1.csproj", "{11A6284F-01F6-472F-8B65-A5EED0C3D448}"
EndProject
Project("{2150E333-8FDC-42A3-9474-1A3956D46DE8}") = "Xb.Db.MySql", "Xb.Db.MySql", "{2C85968D-9B7C-42A4-96E8-DBEED46A6808}"
EndProject
Project("{FAE04EC0-301F-11D3-BF4B-00C04F79EFBC}") = "Xb.Db.MySql.FW4.5.1", "Xb.Db.MySql\Xb.Db.MySql.FW4.5.1\Xb.Db.MySql.FW4.5.1.csproj", "{1CC667AE-6FC9-4AF6-A5DE-A60689443445}"
EndProject
Project("{FAE04EC0-301F-11D3-BF4B-00C04F79EFBC}") = "Xb.Db.MySql.IOS1.0", "Xb.Db.MySql\Xb.Db.MySql.IOS1.0\Xb.Db.MySql.IOS1.0.csproj", "{951598FB-6BE1-4566-8DF5-143E88C8A178}"
EndProject
Project("{FAE04EC0-301F-11D3-BF4B-00C04F79EFBC}") = "Xb.Db.MySql.AND1.0", "Xb.Db.MySql\Xb.Db.MySql.AND1.0\Xb.Db.MySql.AND1.0.csproj", "{B3BF5F69-86C5-479F-82DE-7F33B475DC9C}"
EndProject
Project("{8BB2217D-0F2D-49D1-97BC-3654ED321F3B}") = "Xb.Db.MySql.CR1.0", "Xb.Db.MySql\Xb.Db.MySql.CR1.0\Xb.Db.MySql.CR1.0.xproj", "{8680062E-931D-4221-A27A-B7F61ABFA331}"
EndProject
Project("{FAE04EC0-301F-11D3-BF4B-00C04F79EFBC}") = "TestXb.Db.MySql", "Xb.Db.MySql\TestXb.Db.MySql\TestXb.Db.MySql.csproj", "{ABC0EBC2-6873-48F9-AA6A-EEB78FE19A42}"
EndProject
Global
	GlobalSection(SolutionConfigurationPlatforms) = preSolution
		Debug|Any CPU = Debug|Any CPU
		Release|Any CPU = Release|Any CPU
	EndGlobalSection
	GlobalSection(ProjectConfigurationPlatforms) = postSolution
		{E934D179-93CC-4890-86F6-2827D2D5CD61}.Debug|Any CPU.ActiveCfg = Debug|Any CPU
		{E934D179-93CC-4890-86F6-2827D2D5CD61}.Debug|Any CPU.Build.0 = Debug|Any CPU
		{E934D179-93CC-4890-86F6-2827D2D5CD61}.Release|Any CPU.ActiveCfg = Release|Any CPU
		{E934D179-93CC-4890-86F6-2827D2D5CD61}.Release|Any CPU.Build.0 = Release|Any CPU
		{3CC48E7F-D226-48F2-A365-AD7069FDAD38}.Debug|Any CPU.ActiveCfg = Debug|Any CPU
		{3CC48E7F-D226-48F2-A365-AD7069FDAD38}.Debug|Any CPU.Build.0 = Debug|Any CPU
		{3CC48E7F-D226-48F2-A365-AD7069FDAD38}.Release|Any CPU.ActiveCfg = Release|Any CPU
		{3CC48E7F-D226-48F2-A365-AD7069FDAD38}.Release|Any CPU.Build.0 = Release|Any CPU
		{8C03B514-BAA0-4B37-A5C9-9D2BEE891ACA}.Debug|Any CPU.ActiveCfg = Debug|Any CPU
		{8C03B514-BAA0-4B37-A5C9-9D2BEE891ACA}.Debug|Any CPU.Build.0 = Debug|Any CPU
		{8C03B514-BAA0-4B37-A5C9-9D2BEE891ACA}.Release|Any CPU.ActiveCfg = Release|Any CPU
		{8C03B514-BAA0-4B37-A5C9-9D2BEE891ACA}.Release|Any CPU.Build.0 = Release|Any CPU
		{D7C20537-9C68-460D-87DA-64314F10F016}.Debug|Any CPU.ActiveCfg = Debug|Any CPU
		{D7C20537-9C68-460D-87DA-64314F10F016}.Debug|Any CPU.Build.0 = Debug|Any CPU
		{D7C20537-9C68-460D-87DA-64314F10F016}.Release|Any CPU.ActiveCfg = Release|Any CPU
		{D7C20537-9C68-460D-87DA-64314F10F016}.Release|Any CPU.Build.0 = Release|Any CPU
		{11A6284F-01F6-472F-8B65-A5EED0C3D448}.Debug|Any CPU.ActiveCfg = Debug|Any CPU
		{11A6284F-01F6-472F-8B65-A5EED0C3D448}.Debug|Any CPU.Build.0 = Debug|Any CPU
		{11A6284F-01F6-472F-8B65-A5EED0C3D448}.Release|Any CPU.ActiveCfg = Release|Any CPU
		{11A6284F-01F6-472F-8B65-A5EED0C3D448}.Release|Any CPU.Build.0 = Release|Any CPU
		{1CC667AE-6FC9-4AF6-A5DE-A60689443445}.Debug|Any CPU.ActiveCfg = Debug|Any CPU
		{1CC667AE-6FC9-4AF6-A5DE-A60689443445}.Debug|Any CPU.Build.0 = Debug|Any CPU
		{1CC667AE-6FC9-4AF6-A5DE-A60689443445}.Release|Any CPU.ActiveCfg = Release|Any CPU
		{1CC667AE-6FC9-4AF6-A5DE-A60689443445}.Release|Any CPU.Build.0 = Release|Any CPU
		{951598FB-6BE1-4566-8DF5-143E88C8A178}.Debug|Any CPU.ActiveCfg = Debug|Any CPU
		{951598FB-6BE1-4566-8DF5-143E88C8A178}.Debug|Any CPU.Build.0 = Debug|Any CPU
		{951598FB-6BE1-4566-8DF5-143E88C8A178}.Release|Any CPU.ActiveCfg = Release|Any CPU
		{951598FB-6BE1-4566-8DF5-143E88C8A178}.Release|Any CPU.Build.0 = Release|Any CPU
		{B3BF5F69-86C5-479F-82DE-7F33B475DC9C}.Debug|Any CPU.ActiveCfg = Debug|Any CPU
		{B3BF5F69-86C5-479F-82DE-7F33B475DC9C}.Debug|Any CPU.Build.0 = Debug|Any CPU
		{B3BF5F69-86C5-479F-82DE-7F33B475DC9C}.Release|Any CPU.ActiveCfg = Release|Any CPU
		{B3BF5F69-86C5-479F-82DE-7F33B475DC9C}.Release|Any CPU.Build.0 = Release|Any CPU
		{8680062E-931D-4221-A27A-B7F61ABFA331}.Debug|Any CPU.ActiveCfg = Debug|Any CPU
		{8680062E-931D-4221-A27A-B7F61ABFA331}.Debug|Any CPU.Build.0 = Debug|Any CPU
		{8680062E-931D-4221-A27A-B7F61ABFA331}.Release|Any CPU.ActiveCfg = Release|Any CPU
		{8680062E-931D-4221-A27A-B7F61ABFA331}.Release|Any CPU.Build.0 = Release|Any CPU
		{ABC0EBC2-6873-48F9-AA6A-EEB78FE19A42}.Debug|Any CPU.ActiveCfg = Debug|Any CPU
		{ABC0EBC2-6873-48F9-AA6A-EEB78FE19A42}.Debug|Any CPU.Build.0 = Debug|Any CPU
		{ABC0EBC2-6873-48F9-AA6A-EEB78FE19A42}.Release|Any CPU.ActiveCfg = Release|Any CPU
		{ABC0EBC2-6873-48F9-AA6A-EEB78FE19A42}.Release|Any CPU.Build.0 = Release|Any CPU
	EndGlobalSection
	GlobalSection(SolutionProperties) = preSolution
		HideSolutionNode = FALSE
	EndGlobalSection
	GlobalSection(NestedProjects) = preSolution
		{E934D179-93CC-4890-86F6-2827D2D5CD61} = {5FCEF051-732E-4AD4-BBEC-1D1F2C8B71C5}
		{3CC48E7F-D226-48F2-A365-AD7069FDAD38} = {543C3EFF-0F96-4AC8-91B1-14C2F0A8DF6B}
		{8C03B514-BAA0-4B37-A5C9-9D2BEE891ACA} = {543C3EFF-0F96-4AC8-91B1-14C2F0A8DF6B}
		{D7C20537-9C68-460D-87DA-64314F10F016} = {5FCEF051-732E-4AD4-BBEC-1D1F2C8B71C5}
		{11A6284F-01F6-472F-8B65-A5EED0C3D448} = {543C3EFF-0F96-4AC8-91B1-14C2F0A8DF6B}
		{1CC667AE-6FC9-4AF6-A5DE-A60689443445} = {2C85968D-9B7C-42A4-96E8-DBEED46A6808}
		{951598FB-6BE1-4566-8DF5-143E88C8A178} = {2C85968D-9B7C-42A4-96E8-DBEED46A6808}
		{B3BF5F69-86C5-479F-82DE-7F33B475DC9C} = {2C85968D-9B7C-42A4-96E8-DBEED46A6808}
		{8680062E-931D-4221-A27A-B7F61ABFA331} = {2C85968D-9B7C-42A4-96E8-DBEED46A6808}
		{ABC0EBC2-6873-48F9-AA6A-EEB78FE19A42} = {2C85968D-9B7C-42A4-96E8-DBEED46A6808}
	EndGlobalSection
EndGlobal
