
Microsoft Visual Studio Solution File, Format Version 12.00
# Visual Studio 14
VisualStudioVersion = 14.0.25420.1
MinimumVisualStudioVersion = 10.0.40219.1
Project("{FAE04EC0-301F-11D3-BF4B-00C04F79EFBC}") = "Xb.Db", "Xb.Db\Xb.Db.csproj", "{E934D179-93CC-4890-86F6-2827D2D5CD61}"
EndProject
Project("{8BB2217D-0F2D-49D1-97BC-3654ED321F3B}") = "ExecCmd", "ExecCmd\ExecCmd.xproj", "{657AB29B-6DB6-4E51-8C73-7785D30F6EB4}"
EndProject
Global
	GlobalSection(SolutionConfigurationPlatforms) = preSolution
		Debug|Any CPU = Debug|Any CPU
		Release|Any CPU = Release|Any CPU
	EndGlobalSection
	GlobalSection(ProjectConfigurationPlatforms) = postSolution
		{E934D179-93CC-4890-86F6-2827D2D5CD61}.Debug|Any CPU.ActiveCfg = Debug|Any CPU
		{E934D179-93CC-4890-86F6-2827D2D5CD61}.Debug|Any CPU.Build.0 = Debug|Any CPU
		{E934D179-93CC-4890-86F6-2827D2D5CD61}.Release|Any CPU.ActiveCfg = Release|Any CPU
		{E934D179-93CC-4890-86F6-2827D2D5CD61}.Release|Any CPU.Build.0 = Release|Any CPU
		{657AB29B-6DB6-4E51-8C73-7785D30F6EB4}.Debug|Any CPU.ActiveCfg = Debug|Any CPU
		{657AB29B-6DB6-4E51-8C73-7785D30F6EB4}.Debug|Any CPU.Build.0 = Debug|Any CPU
		{657AB29B-6DB6-4E51-8C73-7785D30F6EB4}.Release|Any CPU.ActiveCfg = Release|Any CPU
		{657AB29B-6DB6-4E51-8C73-7785D30F6EB4}.Release|Any CPU.Build.0 = Release|Any CPU
	EndGlobalSection
	GlobalSection(SolutionProperties) = preSolution
		HideSolutionNode = FALSE
	EndGlobalSection
EndGlobal
